Microsoft Visual Studio Solution File, Format Version 11.00
# Visual Studio 2008

Project("{BEDF4839-FEE1-0208-7D42-8866BE3EA2E6}") = "DragonFinalOptimizedGear", "Assembly-CSharp-firstpass.csproj", "{DCCFDCBA-D1AA-9640-20B0-9BBC68CC8F85}"
EndProject
Project("{BEDF4839-FEE1-0208-7D42-8866BE3EA2E6}") = "DragonFinalOptimizedGear", "Assembly-CSharp.csproj", "{E1A96549-D241-CB12-CFF3-C5C8DE167581}"
EndProject
Project("{BEDF4839-FEE1-0208-7D42-8866BE3EA2E6}") = "DragonFinalOptimizedGear", "Assembly-CSharp-Editor.csproj", "{F9056D20-6697-FDC2-F0C4-2347BFF3D665}"
EndProject
Global
	GlobalSection(SolutionConfigurationPlatforms) = preSolution
		Debug|Any CPU = Debug|Any CPU
		Release|Any CPU = Release|Any CPU
	EndGlobalSection
	GlobalSection(ProjectConfigurationPlatforms) = postSolution
		{DCCFDCBA-D1AA-9640-20B0-9BBC68CC8F85}.Debug|Any CPU.ActiveCfg = Debug|Any CPU
		{DCCFDCBA-D1AA-9640-20B0-9BBC68CC8F85}.Debug|Any CPU.Build.0 = Debug|Any CPU
		{DCCFDCBA-D1AA-9640-20B0-9BBC68CC8F85}.Release|Any CPU.ActiveCfg = Release|Any CPU
		{DCCFDCBA-D1AA-9640-20B0-9BBC68CC8F85}.Release|Any CPU.Build.0 = Release|Any CPU
		{E1A96549-D241-CB12-CFF3-C5C8DE167581}.Debug|Any CPU.ActiveCfg = Debug|Any CPU
		{E1A96549-D241-CB12-CFF3-C5C8DE167581}.Debug|Any CPU.Build.0 = Debug|Any CPU
		{E1A96549-D241-CB12-CFF3-C5C8DE167581}.Release|Any CPU.ActiveCfg = Release|Any CPU
		{E1A96549-D241-CB12-CFF3-C5C8DE167581}.Release|Any CPU.Build.0 = Release|Any CPU
		{F9056D20-6697-FDC2-F0C4-2347BFF3D665}.Debug|Any CPU.ActiveCfg = Debug|Any CPU
		{F9056D20-6697-FDC2-F0C4-2347BFF3D665}.Debug|Any CPU.Build.0 = Debug|Any CPU
		{F9056D20-6697-FDC2-F0C4-2347BFF3D665}.Release|Any CPU.ActiveCfg = Release|Any CPU
		{F9056D20-6697-FDC2-F0C4-2347BFF3D665}.Release|Any CPU.Build.0 = Release|Any CPU
	EndGlobalSection
	GlobalSection(SolutionProperties) = preSolution
		HideSolutionNode = FALSE
	EndGlobalSection
	GlobalSection(MonoDevelopProperties) = preSolution
		StartupItem = Assembly-CSharp.csproj
	EndGlobalSection
EndGlobal
